
Microsoft Visual Studio Solution File, Format Version 12.00
# Visual Studio Version 17
VisualStudioVersion = 17.8.34511.84
MinimumVisualStudioVersion = 10.0.40219.1
Project("{FAE04EC0-301F-11D3-BF4B-00C04F79EFBC}") = "CIT 190 Lesson 7 Collections List", "CIT 190 Lesson 7 Collections List.csproj", "{96ECEF1A-81DD-430F-9AF8-8F2976FF0BAE}"
EndProject
Global
	GlobalSection(SolutionConfigurationPlatforms) = preSolution
		Debug|Any CPU = Debug|Any CPU
		Release|Any CPU = Release|Any CPU
	EndGlobalSection
	GlobalSection(ProjectConfigurationPlatforms) = postSolution
		{96ECEF1A-81DD-430F-9AF8-8F2976FF0BAE}.Debug|Any CPU.ActiveCfg = Debug|Any CPU
		{96ECEF1A-81DD-430F-9AF8-8F2976FF0BAE}.Debug|Any CPU.Build.0 = Debug|Any CPU
		{96ECEF1A-81DD-430F-9AF8-8F2976FF0BAE}.Release|Any CPU.ActiveCfg = Release|Any CPU
		{96ECEF1A-81DD-430F-9AF8-8F2976FF0BAE}.Release|Any CPU.Build.0 = Release|Any CPU
	EndGlobalSection
	GlobalSection(SolutionProperties) = preSolution
		HideSolutionNode = FALSE
	EndGlobalSection
	GlobalSection(ExtensibilityGlobals) = postSolution
		SolutionGuid = {BF2BD5B4-B437-44D3-9455-ADA213B7AC0B}
	EndGlobalSection
EndGlobal
